
Microsoft Visual Studio Solution File, Format Version 12.00
# Visual Studio Version 16
VisualStudioVersion = 16.0.31105.61
MinimumVisualStudioVersion = 10.0.40219.1
Project("{FAE04EC0-301F-11D3-BF4B-00C04F79EFBC}") = "CineTest", "CineTest\CineTest.csproj", "{365DA751-EDE1-4E8F-A229-8F6020F1B0B2}"
EndProject
Project("{FAE04EC0-301F-11D3-BF4B-00C04F79EFBC}") = "Cine", "Cine\Cine.csproj", "{232BDC0C-52AB-47D2-B45A-CF7171F11FCC}"
EndProject
Global
	GlobalSection(SolutionConfigurationPlatforms) = preSolution
		Debug|Any CPU = Debug|Any CPU
		Release|Any CPU = Release|Any CPU
	EndGlobalSection
	GlobalSection(ProjectConfigurationPlatforms) = postSolution
		{365DA751-EDE1-4E8F-A229-8F6020F1B0B2}.Debug|Any CPU.ActiveCfg = Debug|Any CPU
		{365DA751-EDE1-4E8F-A229-8F6020F1B0B2}.Debug|Any CPU.Build.0 = Debug|Any CPU
		{365DA751-EDE1-4E8F-A229-8F6020F1B0B2}.Release|Any CPU.ActiveCfg = Release|Any CPU
		{365DA751-EDE1-4E8F-A229-8F6020F1B0B2}.Release|Any CPU.Build.0 = Release|Any CPU
		{232BDC0C-52AB-47D2-B45A-CF7171F11FCC}.Debug|Any CPU.ActiveCfg = Debug|Any CPU
		{232BDC0C-52AB-47D2-B45A-CF7171F11FCC}.Debug|Any CPU.Build.0 = Debug|Any CPU
		{232BDC0C-52AB-47D2-B45A-CF7171F11FCC}.Release|Any CPU.ActiveCfg = Release|Any CPU
		{232BDC0C-52AB-47D2-B45A-CF7171F11FCC}.Release|Any CPU.Build.0 = Release|Any CPU
	EndGlobalSection
	GlobalSection(SolutionProperties) = preSolution
		HideSolutionNode = FALSE
	EndGlobalSection
	GlobalSection(ExtensibilityGlobals) = postSolution
		SolutionGuid = {DEEC53C5-F5CF-4C0D-9FA6-998CC8F49C8C}
	EndGlobalSection
EndGlobal
